{
  "requires": true,
  "lockfileVersion": 1,
  "dependencies": {
    "@types/angular": {
      "version": "1.6.40",
      "resolved": "https://registry.npmjs.org/@types/angular/-/angular-1.6.40.tgz",
      "integrity": "sha512-svgm2RiWEVvoNkeX+gDWA412KluZ6MBPQNu8SRkEfGmHgVhAZ6r3A+k51/KzeoEoY/GY9ZBT/Qc3fAjpGwCyJg==",
      "dev": true
    },
    "@types/geojson": {
      "version": "7946.0.0",
      "resolved": "https://registry.npmjs.org/@types/geojson/-/geojson-7946.0.0.tgz",
      "integrity": "sha512-lbWmXFxIpEzpH7OprsCRvxj7kie+248Y2ItjeVsF+0+IqvwG+R+0xgZmxq1ofYNTszvuihDahas7O5dscfxTsw==",
      "dev": true
    },
    "@types/jquery": {
      "version": "3.2.17",
      "resolved": "https://registry.npmjs.org/@types/jquery/-/jquery-3.2.17.tgz",
      "integrity": "sha512-lt8i2ZqymxxN1JnWSOTPU7Xc3ze32lhASkVdsMd6/SZnb/jtBsmFEoYCBSa0tzGDSyO7ZB+4r4aihj+KTlDs5w==",
      "dev": true
    },
    "@types/leaflet": {
      "version": "1.2.5",
      "resolved": "https://registry.npmjs.org/@types/leaflet/-/leaflet-1.2.5.tgz",
      "integrity": "sha512-xaAcJeNIX0HV8IhpXXnSl7whm2wtgsxWLzXPj0+vMTk945VpaoDKfGsPCc5mQsqsxDaD8wV5ImVt42d/bx+qYw==",
      "dev": true,
      "requires": {
        "@types/geojson": "7946.0.0"
      }
    },
    "@types/leaflet-draw": {
      "version": "0.4.10",
      "resolved": "https://registry.npmjs.org/@types/leaflet-draw/-/leaflet-draw-0.4.10.tgz",
      "integrity": "sha512-TLgSroIZGRNAEKJoJpi4HTck+V+/cPJ6X3u4uhEbilj1EvtteVzfW6Ed/KlZqZaBUisYVbjFjG1TIxRClo6kUw==",
      "dev": true,
      "requires": {
        "@types/leaflet": "1.2.5"
      }
    },
    "typescript": {
      "version": "2.6.2",
      "resolved": "https://registry.npmjs.org/typescript/-/typescript-2.6.2.tgz",
      "integrity": "sha1-PFtv1/beCRQmkCfwPAlGdY92c6Q=",
      "dev": true
    }
  }
}
