# THIS IS AN AUTOGENERATED FILE. DO NOT EDIT THIS FILE DIRECTLY.
# yarn lockfile v1


"@types/angular@1.6.51":
  version "1.6.51"
  resolved "https://registry.yarnpkg.com/@types/angular/-/angular-1.6.51.tgz#a67515b0ba6a2ff68894a39405c1343cbf9c36d4"
  integrity sha512-wYU+/zlJWih7ZmonWVjGQ18tG7GboI9asMNjRBM5fpIFJWXSioQttCTw9qGL44cP82ghM8sCV9apEqm1zBDq2w==

"@types/geojson@*":
  version "7946.0.4"
  resolved "https://registry.yarnpkg.com/@types/geojson/-/geojson-7946.0.4.tgz#4e049756383c3f055dd8f3d24e63fb543e98eb07"
  integrity sha512-MHmwBtCb7OCv1DSivz2UNJXPGU/1btAWRKlqJ2saEhVJkpkvqHMMaOpKg0v4sAbDWSQekHGvPVMM8nQ+Jen03Q==

"@types/jquery@3.3.22":
  version "3.3.22"
  resolved "https://registry.yarnpkg.com/@types/jquery/-/jquery-3.3.22.tgz#cde55dc8f83207dffd16205b05f97ce824581735"
  integrity sha512-a4JDcIhJhHYnoWCkG3xT2CZxXZeA92JeREESorg0DMQ3ZsjuKF48h7XK4l5Gl2GRa/ItGRpKMT0pyK88yRgqXQ==
  dependencies:
    "@types/sizzle" "*"

"@types/leaflet-draw@0.4.13":
  version "0.4.13"
  resolved "https://registry.yarnpkg.com/@types/leaflet-draw/-/leaflet-draw-0.4.13.tgz#479d4a5909d3c7be600953d4ab26ba79a5427574"
  integrity sha512-CIlG7MXDYr2iQV5Yt06T97S/c4lqUetu07xMIDFBkc+R/GORvfw4XSFV1aFiwajGqyEDCzdrewqYcqczlCEO+Q==
  dependencies:
    "@types/leaflet" "*"

"@types/leaflet@*", "@types/leaflet@1.2.14":
  version "1.2.14"
  resolved "https://registry.yarnpkg.com/@types/leaflet/-/leaflet-1.2.14.tgz#912bcacdc2cfa62787573a27ca617ffb67f89614"
  integrity sha512-acP2w5DygY0V7bwmjFmaen5I2iBl8RkWx9kon1IJA7k9mNFgBb6702WApjZSrM4AG1ucJVxFcTlS6nr4HvahEw==
  dependencies:
    "@types/geojson" "*"

"@types/sizzle@*":
  version "2.3.2"
  resolved "https://registry.yarnpkg.com/@types/sizzle/-/sizzle-2.3.2.tgz#a811b8c18e2babab7d542b3365887ae2e4d9de47"
  integrity sha512-7EJYyKTL7tFR8+gDbB6Wwz/arpGa0Mywk1TJbNzKzHtzbwVmY4HR9WqS5VV7dsBUKQmPNr192jHr/VpBluj/hg==

typescript@3.1.6:
  version "3.1.6"
  resolved "https://registry.yarnpkg.com/typescript/-/typescript-3.1.6.tgz#b6543a83cfc8c2befb3f4c8fba6896f5b0c9be68"
  integrity sha512-tDMYfVtvpb96msS1lDX9MEdHrW4yOuZ4Kdc4Him9oU796XldPYF/t2+uKoX0BBa0hXXwDlqYQbXY5Rzjzc5hBA==
